
Microsoft Visual Studio Solution File, Format Version 12.00
# Visual Studio Version 16
VisualStudioVersion = 16.0.33214.272
MinimumVisualStudioVersion = 10.0.40219.1
Project("{FAE04EC0-301F-11D3-BF4B-00C04F79EFBC}") = "Bookstore", "Mission09_lyh22\Bookstore.csproj", "{8DD386AB-99AD-466B-BB52-708091B0CA09}"
EndProject
Global
	GlobalSection(SolutionConfigurationPlatforms) = preSolution
		Debug|Any CPU = Debug|Any CPU
		Release|Any CPU = Release|Any CPU
	EndGlobalSection
	GlobalSection(ProjectConfigurationPlatforms) = postSolution
		{8DD386AB-99AD-466B-BB52-708091B0CA09}.Debug|Any CPU.ActiveCfg = Debug|Any CPU
		{8DD386AB-99AD-466B-BB52-708091B0CA09}.Debug|Any CPU.Build.0 = Debug|Any CPU
		{8DD386AB-99AD-466B-BB52-708091B0CA09}.Release|Any CPU.ActiveCfg = Release|Any CPU
		{8DD386AB-99AD-466B-BB52-708091B0CA09}.Release|Any CPU.Build.0 = Release|Any CPU
	EndGlobalSection
	GlobalSection(SolutionProperties) = preSolution
		HideSolutionNode = FALSE
	EndGlobalSection
	GlobalSection(ExtensibilityGlobals) = postSolution
		SolutionGuid = {45930E48-53A9-434B-B731-6F0E29DFCBB0}
	EndGlobalSection
EndGlobal
